
Microsoft Visual Studio Solution File, Format Version 12.00
# Visual Studio Version 17
VisualStudioVersion = 17.7.34031.279
MinimumVisualStudioVersion = 10.0.40219.1
Project("{FAE04EC0-301F-11D3-BF4B-00C04F79EFBC}") = "Ridex Car Showroom", "Ridex Car Showroom\Ridex Car Showroom.csproj", "{F2E8C58B-DDB3-467C-84D4-2467BB0B469F}"
EndProject
Global
	GlobalSection(SolutionConfigurationPlatforms) = preSolution
		Debug|Any CPU = Debug|Any CPU
		Release|Any CPU = Release|Any CPU
	EndGlobalSection
	GlobalSection(ProjectConfigurationPlatforms) = postSolution
		{F2E8C58B-DDB3-467C-84D4-2467BB0B469F}.Debug|Any CPU.ActiveCfg = Debug|Any CPU
		{F2E8C58B-DDB3-467C-84D4-2467BB0B469F}.Debug|Any CPU.Build.0 = Debug|Any CPU
		{F2E8C58B-DDB3-467C-84D4-2467BB0B469F}.Release|Any CPU.ActiveCfg = Release|Any CPU
		{F2E8C58B-DDB3-467C-84D4-2467BB0B469F}.Release|Any CPU.Build.0 = Release|Any CPU
	EndGlobalSection
	GlobalSection(SolutionProperties) = preSolution
		HideSolutionNode = FALSE
	EndGlobalSection
	GlobalSection(ExtensibilityGlobals) = postSolution
		SolutionGuid = {C7613426-7F45-4BDE-A267-CDF786A4E263}
	EndGlobalSection
EndGlobal
